
Microsoft Visual Studio Solution File, Format Version 12.00
Project("{FAE04EC0-301F-11D3-BF4B-00C04F79EFBC}") = "HomeAssignment1", "HomeAssignment1\HomeAssignment1.csproj", "{18D5718F-A604-4891-AB96-909602DB9FB6}"
EndProject
Project("{FAE04EC0-301F-11D3-BF4B-00C04F79EFBC}") = "HomeAssignment2", "HomeAssignment2\HomeAssignment2.csproj", "{47873115-0E22-4033-BD32-BF496D4F7000}"
EndProject
Global
	GlobalSection(SolutionConfigurationPlatforms) = preSolution
		Debug|Any CPU = Debug|Any CPU
		Release|Any CPU = Release|Any CPU
	EndGlobalSection
	GlobalSection(ProjectConfigurationPlatforms) = postSolution
		{18D5718F-A604-4891-AB96-909602DB9FB6}.Debug|Any CPU.ActiveCfg = Debug|Any CPU
		{18D5718F-A604-4891-AB96-909602DB9FB6}.Debug|Any CPU.Build.0 = Debug|Any CPU
		{18D5718F-A604-4891-AB96-909602DB9FB6}.Release|Any CPU.ActiveCfg = Release|Any CPU
		{18D5718F-A604-4891-AB96-909602DB9FB6}.Release|Any CPU.Build.0 = Release|Any CPU
		{47873115-0E22-4033-BD32-BF496D4F7000}.Debug|Any CPU.ActiveCfg = Debug|Any CPU
		{47873115-0E22-4033-BD32-BF496D4F7000}.Debug|Any CPU.Build.0 = Debug|Any CPU
		{47873115-0E22-4033-BD32-BF496D4F7000}.Release|Any CPU.ActiveCfg = Release|Any CPU
		{47873115-0E22-4033-BD32-BF496D4F7000}.Release|Any CPU.Build.0 = Release|Any CPU
	EndGlobalSection
EndGlobal
